
Microsoft Visual Studio Solution File, Format Version 12.00
# Visual Studio Version 17
VisualStudioVersion = 17.8.34212.112
MinimumVisualStudioVersion = 10.0.40219.1
Project("{FAE04EC0-301F-11D3-BF4B-00C04F79EFBC}") = "ONETUG-DEMO", "..\dsanchezcr\ONETUG-DEMO\ONETUG-DEMO.csproj", "{2402AEE0-F482-4E6F-9137-B31C3EAA2D7B}"
EndProject
Global
	GlobalSection(SolutionConfigurationPlatforms) = preSolution
		Debug|Any CPU = Debug|Any CPU
		Release|Any CPU = Release|Any CPU
	EndGlobalSection
	GlobalSection(ProjectConfigurationPlatforms) = postSolution
		{2402AEE0-F482-4E6F-9137-B31C3EAA2D7B}.Debug|Any CPU.ActiveCfg = Debug|Any CPU
		{2402AEE0-F482-4E6F-9137-B31C3EAA2D7B}.Debug|Any CPU.Build.0 = Debug|Any CPU
		{2402AEE0-F482-4E6F-9137-B31C3EAA2D7B}.Release|Any CPU.ActiveCfg = Release|Any CPU
		{2402AEE0-F482-4E6F-9137-B31C3EAA2D7B}.Release|Any CPU.Build.0 = Release|Any CPU
	EndGlobalSection
	GlobalSection(SolutionProperties) = preSolution
		HideSolutionNode = FALSE
	EndGlobalSection
	GlobalSection(ExtensibilityGlobals) = postSolution
		SolutionGuid = {BFB20A97-44C2-4C50-A2A5-519D15D6A1D5}
	EndGlobalSection
EndGlobal
